
Microsoft Visual Studio Solution File, Format Version 12.00
# Visual Studio Version 17
VisualStudioVersion = 17.7.34031.279
MinimumVisualStudioVersion = 10.0.40219.1
Project("{778DAE3C-4631-46EA-AA77-85C1314464D9}") = "FormsMenuPrincipal", "FormsMenuPrincipal\FormsMenuPrincipal.vbproj", "{F85CD928-0AF3-4F9F-9172-75A23C01349B}"
EndProject
Project("{778DAE3C-4631-46EA-AA77-85C1314464D9}") = "Clases", "Clases\Clases.vbproj", "{E28A9962-DD45-4F3E-826B-D2D7B5A64480}"
EndProject
Project("{2150E333-8FDC-42A3-9474-1A3956D46DE8}") = "FormVentas", "FormVentas", "{097E6C7F-F586-4FD0-955C-2864396F64C5}"
EndProject
Project("{778DAE3C-4631-46EA-AA77-85C1314464D9}") = "FormEleccionCliente", "FormVentas\FormEleccionCliente\FormEleccionCliente.vbproj", "{438C6C3E-995B-412E-94ED-BB18980E1F89}"
EndProject
Project("{778DAE3C-4631-46EA-AA77-85C1314464D9}") = "FormModificarItems", "FormVentas\FormModificarItems\FormModificarItems.vbproj", "{4ABEEB76-1DAD-41A3-B0FE-3EC150CD7295}"
EndProject
Project("{778DAE3C-4631-46EA-AA77-85C1314464D9}") = "FormModificarVenta", "FormVentas\FormModificarVenta\FormModificarVenta.vbproj", "{1FA132BD-5067-46C7-9532-4CF95655F8E4}"
EndProject
Project("{778DAE3C-4631-46EA-AA77-85C1314464D9}") = "FormBajaVenta", "FormVentas\FormsBajaVenta\FormBajaVenta.vbproj", "{6B88FEA4-8AC0-4009-99C9-D0DBEDC2A541}"
EndProject
Project("{778DAE3C-4631-46EA-AA77-85C1314464D9}") = "FormAltaVenta", "FormVentas\FormsVentas\FormAltaVenta.vbproj", "{F4FF2B68-4D3E-4B6C-BBC5-B10B80D23B50}"
EndProject
Project("{778DAE3C-4631-46EA-AA77-85C1314464D9}") = "FormVentaPrincipal", "FormVentas\FormVentasPrincipal\FormVentaPrincipal.vbproj", "{00F30359-F5EE-4C09-94CE-2041ECCB539A}"
EndProject
Project("{2150E333-8FDC-42A3-9474-1A3956D46DE8}") = "FormProducto", "FormProducto", "{82D8604A-8A3E-4A34-9558-3AE405AB9D2A}"
EndProject
Project("{778DAE3C-4631-46EA-AA77-85C1314464D9}") = "FormAltaProducto", "FormProductos\FormAltaProducto\FormAltaProducto.vbproj", "{D0D04E67-2AD3-4F23-9472-5A6EBD292E62}"
EndProject
Project("{778DAE3C-4631-46EA-AA77-85C1314464D9}") = "FormBajaProducto", "FormProductos\FormBajaProducto\FormBajaProducto.vbproj", "{FCA3FEF5-47B9-4321-8234-B6585F0005F4}"
EndProject
Project("{778DAE3C-4631-46EA-AA77-85C1314464D9}") = "FormModificarProducto", "FormProductos\FormModificarProducto\FormModificarProducto.vbproj", "{89BF0B33-6C2C-4C4C-B9B6-541A76763B41}"
EndProject
Project("{2150E333-8FDC-42A3-9474-1A3956D46DE8}") = "FormClientes", "FormClientes", "{37535590-1A95-452A-9B26-FFCD677FF4EB}"
EndProject
Project("{778DAE3C-4631-46EA-AA77-85C1314464D9}") = "FormAltaCliente", "FormClientes\FormAltaCliente\FormAltaCliente.vbproj", "{02B91206-BA44-4F45-8154-C60A153FE7C7}"
EndProject
Project("{778DAE3C-4631-46EA-AA77-85C1314464D9}") = "FormBajaCliente", "FormClientes\FormBajaCliente\FormBajaCliente.vbproj", "{A9493AE1-9DFE-4369-91AC-34A635C71DF2}"
EndProject
Project("{778DAE3C-4631-46EA-AA77-85C1314464D9}") = "FormClientePrincipal", "FormClientes\FormClientePrincipal\FormClientePrincipal.vbproj", "{40853D65-E637-44B3-8190-AF5F60B4823F}"
EndProject
Project("{778DAE3C-4631-46EA-AA77-85C1314464D9}") = "FormModificarCliente", "FormClientes\FormModificarCliente\FormModificarCliente.vbproj", "{19AB96C0-4C57-4CEC-BCB1-79D20B63279F}"
EndProject
Project("{778DAE3C-4631-46EA-AA77-85C1314464D9}") = "FormProductoPrincipal", "FormProductos\FormProductoPrincipal\FormProductoPrincipal.vbproj", "{A27E3F74-0B09-4771-8FC7-61F07A41A437}"
EndProject
Global
	GlobalSection(SolutionConfigurationPlatforms) = preSolution
		Debug|Any CPU = Debug|Any CPU
		Release|Any CPU = Release|Any CPU
	EndGlobalSection
	GlobalSection(ProjectConfigurationPlatforms) = postSolution
		{F85CD928-0AF3-4F9F-9172-75A23C01349B}.Debug|Any CPU.ActiveCfg = Debug|Any CPU
		{F85CD928-0AF3-4F9F-9172-75A23C01349B}.Debug|Any CPU.Build.0 = Debug|Any CPU
		{F85CD928-0AF3-4F9F-9172-75A23C01349B}.Release|Any CPU.ActiveCfg = Release|Any CPU
		{F85CD928-0AF3-4F9F-9172-75A23C01349B}.Release|Any CPU.Build.0 = Release|Any CPU
		{E28A9962-DD45-4F3E-826B-D2D7B5A64480}.Debug|Any CPU.ActiveCfg = Debug|Any CPU
		{E28A9962-DD45-4F3E-826B-D2D7B5A64480}.Debug|Any CPU.Build.0 = Debug|Any CPU
		{E28A9962-DD45-4F3E-826B-D2D7B5A64480}.Release|Any CPU.ActiveCfg = Release|Any CPU
		{E28A9962-DD45-4F3E-826B-D2D7B5A64480}.Release|Any CPU.Build.0 = Release|Any CPU
		{438C6C3E-995B-412E-94ED-BB18980E1F89}.Debug|Any CPU.ActiveCfg = Debug|Any CPU
		{438C6C3E-995B-412E-94ED-BB18980E1F89}.Debug|Any CPU.Build.0 = Debug|Any CPU
		{438C6C3E-995B-412E-94ED-BB18980E1F89}.Release|Any CPU.ActiveCfg = Release|Any CPU
		{438C6C3E-995B-412E-94ED-BB18980E1F89}.Release|Any CPU.Build.0 = Release|Any CPU
		{4ABEEB76-1DAD-41A3-B0FE-3EC150CD7295}.Debug|Any CPU.ActiveCfg = Debug|Any CPU
		{4ABEEB76-1DAD-41A3-B0FE-3EC150CD7295}.Debug|Any CPU.Build.0 = Debug|Any CPU
		{4ABEEB76-1DAD-41A3-B0FE-3EC150CD7295}.Release|Any CPU.ActiveCfg = Release|Any CPU
		{4ABEEB76-1DAD-41A3-B0FE-3EC150CD7295}.Release|Any CPU.Build.0 = Release|Any CPU
		{1FA132BD-5067-46C7-9532-4CF95655F8E4}.Debug|Any CPU.ActiveCfg = Debug|Any CPU
		{1FA132BD-5067-46C7-9532-4CF95655F8E4}.Debug|Any CPU.Build.0 = Debug|Any CPU
		{1FA132BD-5067-46C7-9532-4CF95655F8E4}.Release|Any CPU.ActiveCfg = Release|Any CPU
		{1FA132BD-5067-46C7-9532-4CF95655F8E4}.Release|Any CPU.Build.0 = Release|Any CPU
		{6B88FEA4-8AC0-4009-99C9-D0DBEDC2A541}.Debug|Any CPU.ActiveCfg = Debug|Any CPU
		{6B88FEA4-8AC0-4009-99C9-D0DBEDC2A541}.Debug|Any CPU.Build.0 = Debug|Any CPU
		{6B88FEA4-8AC0-4009-99C9-D0DBEDC2A541}.Release|Any CPU.ActiveCfg = Release|Any CPU
		{6B88FEA4-8AC0-4009-99C9-D0DBEDC2A541}.Release|Any CPU.Build.0 = Release|Any CPU
		{F4FF2B68-4D3E-4B6C-BBC5-B10B80D23B50}.Debug|Any CPU.ActiveCfg = Debug|Any CPU
		{F4FF2B68-4D3E-4B6C-BBC5-B10B80D23B50}.Debug|Any CPU.Build.0 = Debug|Any CPU
		{F4FF2B68-4D3E-4B6C-BBC5-B10B80D23B50}.Release|Any CPU.ActiveCfg = Release|Any CPU
		{F4FF2B68-4D3E-4B6C-BBC5-B10B80D23B50}.Release|Any CPU.Build.0 = Release|Any CPU
		{00F30359-F5EE-4C09-94CE-2041ECCB539A}.Debug|Any CPU.ActiveCfg = Debug|Any CPU
		{00F30359-F5EE-4C09-94CE-2041ECCB539A}.Debug|Any CPU.Build.0 = Debug|Any CPU
		{00F30359-F5EE-4C09-94CE-2041ECCB539A}.Release|Any CPU.ActiveCfg = Release|Any CPU
		{00F30359-F5EE-4C09-94CE-2041ECCB539A}.Release|Any CPU.Build.0 = Release|Any CPU
		{D0D04E67-2AD3-4F23-9472-5A6EBD292E62}.Debug|Any CPU.ActiveCfg = Debug|Any CPU
		{D0D04E67-2AD3-4F23-9472-5A6EBD292E62}.Debug|Any CPU.Build.0 = Debug|Any CPU
		{D0D04E67-2AD3-4F23-9472-5A6EBD292E62}.Release|Any CPU.ActiveCfg = Release|Any CPU
		{D0D04E67-2AD3-4F23-9472-5A6EBD292E62}.Release|Any CPU.Build.0 = Release|Any CPU
		{FCA3FEF5-47B9-4321-8234-B6585F0005F4}.Debug|Any CPU.ActiveCfg = Debug|Any CPU
		{FCA3FEF5-47B9-4321-8234-B6585F0005F4}.Debug|Any CPU.Build.0 = Debug|Any CPU
		{FCA3FEF5-47B9-4321-8234-B6585F0005F4}.Release|Any CPU.ActiveCfg = Release|Any CPU
		{FCA3FEF5-47B9-4321-8234-B6585F0005F4}.Release|Any CPU.Build.0 = Release|Any CPU
		{89BF0B33-6C2C-4C4C-B9B6-541A76763B41}.Debug|Any CPU.ActiveCfg = Debug|Any CPU
		{89BF0B33-6C2C-4C4C-B9B6-541A76763B41}.Debug|Any CPU.Build.0 = Debug|Any CPU
		{89BF0B33-6C2C-4C4C-B9B6-541A76763B41}.Release|Any CPU.ActiveCfg = Release|Any CPU
		{89BF0B33-6C2C-4C4C-B9B6-541A76763B41}.Release|Any CPU.Build.0 = Release|Any CPU
		{02B91206-BA44-4F45-8154-C60A153FE7C7}.Debug|Any CPU.ActiveCfg = Debug|Any CPU
		{02B91206-BA44-4F45-8154-C60A153FE7C7}.Debug|Any CPU.Build.0 = Debug|Any CPU
		{02B91206-BA44-4F45-8154-C60A153FE7C7}.Release|Any CPU.ActiveCfg = Release|Any CPU
		{02B91206-BA44-4F45-8154-C60A153FE7C7}.Release|Any CPU.Build.0 = Release|Any CPU
		{A9493AE1-9DFE-4369-91AC-34A635C71DF2}.Debug|Any CPU.ActiveCfg = Debug|Any CPU
		{A9493AE1-9DFE-4369-91AC-34A635C71DF2}.Debug|Any CPU.Build.0 = Debug|Any CPU
		{A9493AE1-9DFE-4369-91AC-34A635C71DF2}.Release|Any CPU.ActiveCfg = Release|Any CPU
		{A9493AE1-9DFE-4369-91AC-34A635C71DF2}.Release|Any CPU.Build.0 = Release|Any CPU
		{40853D65-E637-44B3-8190-AF5F60B4823F}.Debug|Any CPU.ActiveCfg = Debug|Any CPU
		{40853D65-E637-44B3-8190-AF5F60B4823F}.Debug|Any CPU.Build.0 = Debug|Any CPU
		{40853D65-E637-44B3-8190-AF5F60B4823F}.Release|Any CPU.ActiveCfg = Release|Any CPU
		{40853D65-E637-44B3-8190-AF5F60B4823F}.Release|Any CPU.Build.0 = Release|Any CPU
		{19AB96C0-4C57-4CEC-BCB1-79D20B63279F}.Debug|Any CPU.ActiveCfg = Debug|Any CPU
		{19AB96C0-4C57-4CEC-BCB1-79D20B63279F}.Debug|Any CPU.Build.0 = Debug|Any CPU
		{19AB96C0-4C57-4CEC-BCB1-79D20B63279F}.Release|Any CPU.ActiveCfg = Release|Any CPU
		{19AB96C0-4C57-4CEC-BCB1-79D20B63279F}.Release|Any CPU.Build.0 = Release|Any CPU
		{A27E3F74-0B09-4771-8FC7-61F07A41A437}.Debug|Any CPU.ActiveCfg = Debug|Any CPU
		{A27E3F74-0B09-4771-8FC7-61F07A41A437}.Debug|Any CPU.Build.0 = Debug|Any CPU
		{A27E3F74-0B09-4771-8FC7-61F07A41A437}.Release|Any CPU.ActiveCfg = Release|Any CPU
		{A27E3F74-0B09-4771-8FC7-61F07A41A437}.Release|Any CPU.Build.0 = Release|Any CPU
	EndGlobalSection
	GlobalSection(SolutionProperties) = preSolution
		HideSolutionNode = FALSE
	EndGlobalSection
	GlobalSection(NestedProjects) = preSolution
		{438C6C3E-995B-412E-94ED-BB18980E1F89} = {097E6C7F-F586-4FD0-955C-2864396F64C5}
		{4ABEEB76-1DAD-41A3-B0FE-3EC150CD7295} = {097E6C7F-F586-4FD0-955C-2864396F64C5}
		{1FA132BD-5067-46C7-9532-4CF95655F8E4} = {097E6C7F-F586-4FD0-955C-2864396F64C5}
		{6B88FEA4-8AC0-4009-99C9-D0DBEDC2A541} = {097E6C7F-F586-4FD0-955C-2864396F64C5}
		{F4FF2B68-4D3E-4B6C-BBC5-B10B80D23B50} = {097E6C7F-F586-4FD0-955C-2864396F64C5}
		{00F30359-F5EE-4C09-94CE-2041ECCB539A} = {097E6C7F-F586-4FD0-955C-2864396F64C5}
		{D0D04E67-2AD3-4F23-9472-5A6EBD292E62} = {82D8604A-8A3E-4A34-9558-3AE405AB9D2A}
		{FCA3FEF5-47B9-4321-8234-B6585F0005F4} = {82D8604A-8A3E-4A34-9558-3AE405AB9D2A}
		{89BF0B33-6C2C-4C4C-B9B6-541A76763B41} = {82D8604A-8A3E-4A34-9558-3AE405AB9D2A}
		{02B91206-BA44-4F45-8154-C60A153FE7C7} = {37535590-1A95-452A-9B26-FFCD677FF4EB}
		{A9493AE1-9DFE-4369-91AC-34A635C71DF2} = {37535590-1A95-452A-9B26-FFCD677FF4EB}
		{40853D65-E637-44B3-8190-AF5F60B4823F} = {37535590-1A95-452A-9B26-FFCD677FF4EB}
		{19AB96C0-4C57-4CEC-BCB1-79D20B63279F} = {37535590-1A95-452A-9B26-FFCD677FF4EB}
		{A27E3F74-0B09-4771-8FC7-61F07A41A437} = {82D8604A-8A3E-4A34-9558-3AE405AB9D2A}
	EndGlobalSection
	GlobalSection(ExtensibilityGlobals) = postSolution
		SolutionGuid = {5F2808DC-97F8-4508-AB91-0DF11FF761FF}
	EndGlobalSection
EndGlobal
